
Microsoft Visual Studio Solution File, Format Version 12.00
# Visual Studio 2012
Project("{FAE04EC0-301F-11D3-BF4B-00C04F79EFBC}") = "MathExpressions", "MathExpressions\MathExpressions.csproj", "{A5CED41D-130A-4195-9B21-1F202DD04EAE}"
EndProject
Project("{FAE04EC0-301F-11D3-BF4B-00C04F79EFBC}") = "Expressions", "Expressions\Expressions.csproj", "{F6AAF6AB-8301-46CF-9090-5C59301E7C61}"
EndProject
Global
	GlobalSection(SolutionConfigurationPlatforms) = preSolution
		Debug|Any CPU = Debug|Any CPU
		Release|Any CPU = Release|Any CPU
	EndGlobalSection
	GlobalSection(ProjectConfigurationPlatforms) = postSolution
		{A5CED41D-130A-4195-9B21-1F202DD04EAE}.Debug|Any CPU.ActiveCfg = Debug|Any CPU
		{A5CED41D-130A-4195-9B21-1F202DD04EAE}.Debug|Any CPU.Build.0 = Debug|Any CPU
		{A5CED41D-130A-4195-9B21-1F202DD04EAE}.Release|Any CPU.ActiveCfg = Release|Any CPU
		{A5CED41D-130A-4195-9B21-1F202DD04EAE}.Release|Any CPU.Build.0 = Release|Any CPU
		{F6AAF6AB-8301-46CF-9090-5C59301E7C61}.Debug|Any CPU.ActiveCfg = Debug|Any CPU
		{F6AAF6AB-8301-46CF-9090-5C59301E7C61}.Debug|Any CPU.Build.0 = Debug|Any CPU
		{F6AAF6AB-8301-46CF-9090-5C59301E7C61}.Release|Any CPU.ActiveCfg = Release|Any CPU
		{F6AAF6AB-8301-46CF-9090-5C59301E7C61}.Release|Any CPU.Build.0 = Release|Any CPU
	EndGlobalSection
	GlobalSection(SolutionProperties) = preSolution
		HideSolutionNode = FALSE
	EndGlobalSection
EndGlobal
